
Microsoft Visual Studio Solution File, Format Version 12.00
# Visual Studio Version 17
VisualStudioVersion = 17.5.002.0
MinimumVisualStudioVersion = 10.0.40219.1
Project("{9A19103F-16F7-4668-BE54-9A1E7A4F7556}") = "FileProtectionSystem", "FileProtectionSystem\FileProtectionSystem.csproj", "{456AC2EC-80A9-4F31-91F7-DCAF12623002}"
EndProject
Global
	GlobalSection(SolutionConfigurationPlatforms) = preSolution
		Debug|Any CPU = Debug|Any CPU
		Release|Any CPU = Release|Any CPU
	EndGlobalSection
	GlobalSection(ProjectConfigurationPlatforms) = postSolution
		{456AC2EC-80A9-4F31-91F7-DCAF12623002}.Debug|Any CPU.ActiveCfg = Debug|Any CPU
		{456AC2EC-80A9-4F31-91F7-DCAF12623002}.Debug|Any CPU.Build.0 = Debug|Any CPU
		{456AC2EC-80A9-4F31-91F7-DCAF12623002}.Release|Any CPU.ActiveCfg = Release|Any CPU
		{456AC2EC-80A9-4F31-91F7-DCAF12623002}.Release|Any CPU.Build.0 = Release|Any CPU
	EndGlobalSection
	GlobalSection(SolutionProperties) = preSolution
		HideSolutionNode = FALSE
	EndGlobalSection
	GlobalSection(ExtensibilityGlobals) = postSolution
		SolutionGuid = {258693C6-7F9E-4F12-B788-806E9E9841CC}
	EndGlobalSection
EndGlobal
